// !$*UTF8*$!
{
	archiveVersion = 1;
	classes = {
	};
	objectVersion = 46;
	objects = {

/* Begin PBXBuildFile section */
		44FB37FD1B7F72AC00BAD031 /* Braintree.h in Headers */ = {isa = PBXBuildFile; fileRef = 44FB37FC1B7F72AC00BAD031 /* Braintree.h */; settings = {ATTRIBUTES = (Public, ); }; };
		44FB38031B7F72AC00BAD031 /* Braintree.framework in Frameworks */ = {isa = PBXBuildFile; fileRef = 44FB37F81B7F72AC00BAD031 /* Braintree.framework */; };
		44FB380C1B7F72AC00BAD031 /* BraintreeTests.m in Sources */ = {isa = PBXBuildFile; fileRef = 44FB380B1B7F72AC00BAD031 /* BraintreeTests.m */; };
		44FB380F1B7F72AC00BAD031 /* Braintree.framework in Frameworks */ = {isa = PBXBuildFile; fileRef = 44FB37F81B7F72AC00BAD031 /* Braintree.framework */; };
		44FB38101B7F72AC00BAD031 /* Braintree.framework in Embed Frameworks */ = {isa = PBXBuildFile; fileRef = 44FB37F81B7F72AC00BAD031 /* Braintree.framework */; settings = {ATTRIBUTES = (CodeSignOnCopy, RemoveHeadersOnCopy, ); }; };
		EDDE26731B7F693F00C6DA2A /* AppDelegate.swift in Sources */ = {isa = PBXBuildFile; fileRef = EDDE26721B7F693F00C6DA2A /* AppDelegate.swift */; };
		EDDE26751B7F693F00C6DA2A /* ViewController.swift in Sources */ = {isa = PBXBuildFile; fileRef = EDDE26741B7F693F00C6DA2A /* ViewController.swift */; };
		EDDE26781B7F693F00C6DA2A /* Main.storyboard in Resources */ = {isa = PBXBuildFile; fileRef = EDDE26761B7F693F00C6DA2A /* Main.storyboard */; };
		EDDE267A1B7F693F00C6DA2A /* Images.xcassets in Resources */ = {isa = PBXBuildFile; fileRef = EDDE26791B7F693F00C6DA2A /* Images.xcassets */; };
		EDDE267D1B7F693F00C6DA2A /* LaunchScreen.xib in Resources */ = {isa = PBXBuildFile; fileRef = EDDE267B1B7F693F00C6DA2A /* LaunchScreen.xib */; };
		EDDE26891B7F693F00C6DA2A /* BitCatcherTests.swift in Sources */ = {isa = PBXBuildFile; fileRef = EDDE26881B7F693F00C6DA2A /* BitCatcherTests.swift */; };
/* End PBXBuildFile section */

/* Begin PBXContainerItemProxy section */
		44FB38041B7F72AC00BAD031 /* PBXContainerItemProxy */ = {
			isa = PBXContainerItemProxy;
			containerPortal = EDDE26651B7F693F00C6DA2A /* Project object */;
			proxyType = 1;
			remoteGlobalIDString = 44FB37F71B7F72AC00BAD031;
			remoteInfo = Braintree;
		};
		44FB38061B7F72AC00BAD031 /* PBXContainerItemProxy */ = {
			isa = PBXContainerItemProxy;
			containerPortal = EDDE26651B7F693F00C6DA2A /* Project object */;
			proxyType = 1;
			remoteGlobalIDString = EDDE266C1B7F693F00C6DA2A;
			remoteInfo = BitCatcher;
		};
		44FB380D1B7F72AC00BAD031 /* PBXContainerItemProxy */ = {
			isa = PBXContainerItemProxy;
			containerPortal = EDDE26651B7F693F00C6DA2A /* Project object */;
			proxyType = 1;
			remoteGlobalIDString = 44FB37F71B7F72AC00BAD031;
			remoteInfo = Braintree;
		};
		EDDE26831B7F693F00C6DA2A /* PBXContainerItemProxy */ = {
			isa = PBXContainerItemProxy;
			containerPortal = EDDE26651B7F693F00C6DA2A /* Project object */;
			proxyType = 1;
			remoteGlobalIDString = EDDE266C1B7F693F00C6DA2A;
			remoteInfo = BitCatcher;
		};
/* End PBXContainerItemProxy section */

/* Begin PBXCopyFilesBuildPhase section */
		44FB38161B7F72AC00BAD031 /* Embed Frameworks */ = {
			isa = PBXCopyFilesBuildPhase;
			buildActionMask = 2147483647;
			dstPath = "";
			dstSubfolderSpec = 10;
			files = (
				44FB38101B7F72AC00BAD031 /* Braintree.framework in Embed Frameworks */,
			);
			name = "Embed Frameworks";
			runOnlyForDeploymentPostprocessing = 0;
		};
/* End PBXCopyFilesBuildPhase section */

/* Begin PBXFileReference section */
		44FB37F81B7F72AC00BAD031 /* Braintree.framework */ = {isa = PBXFileReference; explicitFileType = wrapper.framework; includeInIndex = 0; path = Braintree.framework; sourceTree = BUILT_PRODUCTS_DIR; };
		44FB37FB1B7F72AC00BAD031 /* Info.plist */ = {isa = PBXFileReference; lastKnownFileType = text.plist.xml; path = Info.plist; sourceTree = "<group>"; };
		44FB37FC1B7F72AC00BAD031 /* Braintree.h */ = {isa = PBXFileReference; lastKnownFileType = sourcecode.c.h; path = Braintree.h; sourceTree = "<group>"; };
		44FB38021B7F72AC00BAD031 /* BraintreeTests.xctest */ = {isa = PBXFileReference; explicitFileType = wrapper.cfbundle; includeInIndex = 0; path = BraintreeTests.xctest; sourceTree = BUILT_PRODUCTS_DIR; };
		44FB380A1B7F72AC00BAD031 /* Info.plist */ = {isa = PBXFileReference; lastKnownFileType = text.plist.xml; path = Info.plist; sourceTree = "<group>"; };
		44FB380B1B7F72AC00BAD031 /* BraintreeTests.m */ = {isa = PBXFileReference; lastKnownFileType = sourcecode.c.objc; path = BraintreeTests.m; sourceTree = "<group>"; };
		EDDE266D1B7F693F00C6DA2A /* BitCatcher.app */ = {isa = PBXFileReference; explicitFileType = wrapper.application; includeInIndex = 0; path = BitCatcher.app; sourceTree = BUILT_PRODUCTS_DIR; };
		EDDE26711B7F693F00C6DA2A /* Info.plist */ = {isa = PBXFileReference; lastKnownFileType = text.plist.xml; path = Info.plist; sourceTree = "<group>"; };
		EDDE26721B7F693F00C6DA2A /* AppDelegate.swift */ = {isa = PBXFileReference; lastKnownFileType = sourcecode.swift; path = AppDelegate.swift; sourceTree = "<group>"; };
		EDDE26741B7F693F00C6DA2A /* ViewController.swift */ = {isa = PBXFileReference; lastKnownFileType = sourcecode.swift; path = ViewController.swift; sourceTree = "<group>"; };
		EDDE26771B7F693F00C6DA2A /* Base */ = {isa = PBXFileReference; lastKnownFileType = file.storyboard; name = Base; path = Base.lproj/Main.storyboard; sourceTree = "<group>"; };
		EDDE26791B7F693F00C6DA2A /* Images.xcassets */ = {isa = PBXFileReference; lastKnownFileType = folder.assetcatalog; path = Images.xcassets; sourceTree = "<group>"; };
		EDDE267C1B7F693F00C6DA2A /* Base */ = {isa = PBXFileReference; lastKnownFileType = file.xib; name = Base; path = Base.lproj/LaunchScreen.xib; sourceTree = "<group>"; };
		EDDE26821B7F693F00C6DA2A /* BitCatcherTests.xctest */ = {isa = PBXFileReference; explicitFileType = wrapper.cfbundle; includeInIndex = 0; path = BitCatcherTests.xctest; sourceTree = BUILT_PRODUCTS_DIR; };
		EDDE26871B7F693F00C6DA2A /* Info.plist */ = {isa = PBXFileReference; lastKnownFileType = text.plist.xml; path = Info.plist; sourceTree = "<group>"; };
		EDDE26881B7F693F00C6DA2A /* BitCatcherTests.swift */ = {isa = PBXFileReference; lastKnownFileType = sourcecode.swift; path = BitCatcherTests.swift; sourceTree = "<group>"; };
/* End PBXFileReference section */

/* Begin PBXFrameworksBuildPhase section */
		44FB37F41B7F72AC00BAD031 /* Frameworks */ = {
			isa = PBXFrameworksBuildPhase;
			buildActionMask = 2147483647;
			files = (
			);
			runOnlyForDeploymentPostprocessing = 0;
		};
		44FB37FF1B7F72AC00BAD031 /* Frameworks */ = {
			isa = PBXFrameworksBuildPhase;
			buildActionMask = 2147483647;
			files = (
				44FB38031B7F72AC00BAD031 /* Braintree.framework in Frameworks */,
			);
			runOnlyForDeploymentPostprocessing = 0;
		};
		EDDE266A1B7F693F00C6DA2A /* Frameworks */ = {
			isa = PBXFrameworksBuildPhase;
			buildActionMask = 2147483647;
			files = (
				44FB380F1B7F72AC00BAD031 /* Braintree.framework in Frameworks */,
			);
			runOnlyForDeploymentPostprocessing = 0;
		};
		EDDE267F1B7F693F00C6DA2A /* Frameworks */ = {
			isa = PBXFrameworksBuildPhase;
			buildActionMask = 2147483647;
			files = (
			);
			runOnlyForDeploymentPostprocessing = 0;
		};
/* End PBXFrameworksBuildPhase section */

/* Begin PBXGroup section */
		44FB37F91B7F72AC00BAD031 /* Braintree */ = {
			isa = PBXGroup;
			children = (
				44FB37FC1B7F72AC00BAD031 /* Braintree.h */,
				44FB37FA1B7F72AC00BAD031 /* Supporting Files */,
			);
			path = Braintree;
			sourceTree = "<group>";
		};
		44FB37FA1B7F72AC00BAD031 /* Supporting Files */ = {
			isa = PBXGroup;
			children = (
				44FB37FB1B7F72AC00BAD031 /* Info.plist */,
			);
			name = "Supporting Files";
			sourceTree = "<group>";
		};
		44FB38081B7F72AC00BAD031 /* BraintreeTests */ = {
			isa = PBXGroup;
			children = (
				44FB380B1B7F72AC00BAD031 /* BraintreeTests.m */,
				44FB38091B7F72AC00BAD031 /* Supporting Files */,
			);
			path = BraintreeTests;
			sourceTree = "<group>";
		};
		44FB38091B7F72AC00BAD031 /* Supporting Files */ = {
			isa = PBXGroup;
			children = (
				44FB380A1B7F72AC00BAD031 /* Info.plist */,
			);
			name = "Supporting Files";
			sourceTree = "<group>";
		};
		EDDE26641B7F693F00C6DA2A = {
			isa = PBXGroup;
			children = (
				EDDE266F1B7F693F00C6DA2A /* BitCatcher */,
				EDDE26851B7F693F00C6DA2A /* BitCatcherTests */,
				44FB37F91B7F72AC00BAD031 /* Braintree */,
				44FB38081B7F72AC00BAD031 /* BraintreeTests */,
				EDDE266E1B7F693F00C6DA2A /* Products */,
			);
			sourceTree = "<group>";
		};
		EDDE266E1B7F693F00C6DA2A /* Products */ = {
			isa = PBXGroup;
			children = (
				EDDE266D1B7F693F00C6DA2A /* BitCatcher.app */,
				EDDE26821B7F693F00C6DA2A /* BitCatcherTests.xctest */,
				44FB37F81B7F72AC00BAD031 /* Braintree.framework */,
				44FB38021B7F72AC00BAD031 /* BraintreeTests.xctest */,
			);
			name = Products;
			sourceTree = "<group>";
		};
		EDDE266F1B7F693F00C6DA2A /* BitCatcher */ = {
			isa = PBXGroup;
			children = (
				EDDE26721B7F693F00C6DA2A /* AppDelegate.swift */,
				EDDE26741B7F693F00C6DA2A /* ViewController.swift */,
				EDDE26761B7F693F00C6DA2A /* Main.storyboard */,
				EDDE26791B7F693F00C6DA2A /* Images.xcassets */,
				EDDE267B1B7F693F00C6DA2A /* LaunchScreen.xib */,
				EDDE26701B7F693F00C6DA2A /* Supporting Files */,
			);
			path = BitCatcher;
			sourceTree = "<group>";
		};
		EDDE26701B7F693F00C6DA2A /* Supporting Files */ = {
			isa = PBXGroup;
			children = (
				EDDE26711B7F693F00C6DA2A /* Info.plist */,
			);
			name = "Supporting Files";
			sourceTree = "<group>";
		};
		EDDE26851B7F693F00C6DA2A /* BitCatcherTests */ = {
			isa = PBXGroup;
			children = (
				EDDE26881B7F693F00C6DA2A /* BitCatcherTests.swift */,
				EDDE26861B7F693F00C6DA2A /* Supporting Files */,
			);
			path = BitCatcherTests;
			sourceTree = "<group>";
		};
		EDDE26861B7F693F00C6DA2A /* Supporting Files */ = {
			isa = PBXGroup;
			children = (
				EDDE26871B7F693F00C6DA2A /* Info.plist */,
			);
			name = "Supporting Files";
			sourceTree = "<group>";
		};
/* End PBXGroup section */

/* Begin PBXHeadersBuildPhase section */
		44FB37F51B7F72AC00BAD031 /* Headers */ = {
			isa = PBXHeadersBuildPhase;
			buildActionMask = 2147483647;
			files = (
				44FB37FD1B7F72AC00BAD031 /* Braintree.h in Headers */,
			);
			runOnlyForDeploymentPostprocessing = 0;
		};
/* End PBXHeadersBuildPhase section */

/* Begin PBXNativeTarget section */
		44FB37F71B7F72AC00BAD031 /* Braintree */ = {
			isa = PBXNativeTarget;
			buildConfigurationList = 44FB38151B7F72AC00BAD031 /* Build configuration list for PBXNativeTarget "Braintree" */;
			buildPhases = (
				44FB37F31B7F72AC00BAD031 /* Sources */,
				44FB37F41B7F72AC00BAD031 /* Frameworks */,
				44FB37F51B7F72AC00BAD031 /* Headers */,
				44FB37F61B7F72AC00BAD031 /* Resources */,
			);
			buildRules = (
			);
			dependencies = (
			);
			name = Braintree;
			productName = Braintree;
			productReference = 44FB37F81B7F72AC00BAD031 /* Braintree.framework */;
			productType = "com.apple.product-type.framework";
		};
		44FB38011B7F72AC00BAD031 /* BraintreeTests */ = {
			isa = PBXNativeTarget;
			buildConfigurationList = 44FB38171B7F72AC00BAD031 /* Build configuration list for PBXNativeTarget "BraintreeTests" */;
			buildPhases = (
				44FB37FE1B7F72AC00BAD031 /* Sources */,
				44FB37FF1B7F72AC00BAD031 /* Frameworks */,
				44FB38001B7F72AC00BAD031 /* Resources */,
			);
			buildRules = (
			);
			dependencies = (
				44FB38051B7F72AC00BAD031 /* PBXTargetDependency */,
				44FB38071B7F72AC00BAD031 /* PBXTargetDependency */,
			);
			name = BraintreeTests;
			productName = BraintreeTests;
			productReference = 44FB38021B7F72AC00BAD031 /* BraintreeTests.xctest */;
			productType = "com.apple.product-type.bundle.unit-test";
		};
		EDDE266C1B7F693F00C6DA2A /* BitCatcher */ = {
			isa = PBXNativeTarget;
			buildConfigurationList = EDDE268C1B7F693F00C6DA2A /* Build configuration list for PBXNativeTarget "BitCatcher" */;
			buildPhases = (
				EDDE26691B7F693F00C6DA2A /* Sources */,
				EDDE266A1B7F693F00C6DA2A /* Frameworks */,
				EDDE266B1B7F693F00C6DA2A /* Resources */,
				44FB38161B7F72AC00BAD031 /* Embed Frameworks */,
			);
			buildRules = (
			);
			dependencies = (
				44FB380E1B7F72AC00BAD031 /* PBXTargetDependency */,
			);
			name = BitCatcher;
			productName = BitCatcher;
			productReference = EDDE266D1B7F693F00C6DA2A /* BitCatcher.app */;
			productType = "com.apple.product-type.application";
		};
		EDDE26811B7F693F00C6DA2A /* BitCatcherTests */ = {
			isa = PBXNativeTarget;
			buildConfigurationList = EDDE268F1B7F693F00C6DA2A /* Build configuration list for PBXNativeTarget "BitCatcherTests" */;
			buildPhases = (
				EDDE267E1B7F693F00C6DA2A /* Sources */,
				EDDE267F1B7F693F00C6DA2A /* Frameworks */,
				EDDE26801B7F693F00C6DA2A /* Resources */,
			);
			buildRules = (
			);
			dependencies = (
				EDDE26841B7F693F00C6DA2A /* PBXTargetDependency */,
			);
			name = BitCatcherTests;
			productName = BitCatcherTests;
			productReference = EDDE26821B7F693F00C6DA2A /* BitCatcherTests.xctest */;
			productType = "com.apple.product-type.bundle.unit-test";
		};
/* End PBXNativeTarget section */

/* Begin PBXProject section */
		EDDE26651B7F693F00C6DA2A /* Project object */ = {
			isa = PBXProject;
			attributes = {
				LastUpgradeCheck = 0640;
				ORGANIZATIONNAME = "Hack the Planet:Dank Memers";
				TargetAttributes = {
					44FB37F71B7F72AC00BAD031 = {
						CreatedOnToolsVersion = 6.3.2;
					};
					44FB38011B7F72AC00BAD031 = {
						CreatedOnToolsVersion = 6.3.2;
						TestTargetID = EDDE266C1B7F693F00C6DA2A;
					};
					EDDE266C1B7F693F00C6DA2A = {
						CreatedOnToolsVersion = 6.4;
					};
					EDDE26811B7F693F00C6DA2A = {
						CreatedOnToolsVersion = 6.4;
						TestTargetID = EDDE266C1B7F693F00C6DA2A;
					};
				};
			};
			buildConfigurationList = EDDE26681B7F693F00C6DA2A /* Build configuration list for PBXProject "BitCatcher" */;
			compatibilityVersion = "Xcode 3.2";
			developmentRegion = English;
			hasScannedForEncodings = 0;
			knownRegions = (
				en,
				Base,
			);
			mainGroup = EDDE26641B7F693F00C6DA2A;
			productRefGroup = EDDE266E1B7F693F00C6DA2A /* Products */;
			projectDirPath = "";
			projectRoot = "";
			targets = (
				EDDE266C1B7F693F00C6DA2A /* BitCatcher */,
				EDDE26811B7F693F00C6DA2A /* BitCatcherTests */,
				44FB37F71B7F72AC00BAD031 /* Braintree */,
				44FB38011B7F72AC00BAD031 /* BraintreeTests */,
			);
		};
/* End PBXProject section */

/* Begin PBXResourcesBuildPhase section */
		44FB37F61B7F72AC00BAD031 /* Resources */ = {
			isa = PBXResourcesBuildPhase;
			buildActionMask = 2147483647;
			files = (
			);
			runOnlyForDeploymentPostprocessing = 0;
		};
		44FB38001B7F72AC00BAD031 /* Resources */ = {
			isa = PBXResourcesBuildPhase;
			buildActionMask = 2147483647;
			files = (
			);
			runOnlyForDeploymentPostprocessing = 0;
		};
		EDDE266B1B7F693F00C6DA2A /* Resources */ = {
			isa = PBXResourcesBuildPhase;
			buildActionMask = 2147483647;
			files = (
				EDDE26781B7F693F00C6DA2A /* Main.storyboard in Resources */,
				EDDE267D1B7F693F00C6DA2A /* LaunchScreen.xib in Resources */,
				EDDE267A1B7F693F00C6DA2A /* Images.xcassets in Resources */,
			);
			runOnlyForDeploymentPostprocessing = 0;
		};
		EDDE26801B7F693F00C6DA2A /* Resources */ = {
			isa = PBXResourcesBuildPhase;
			buildActionMask = 2147483647;
			files = (
			);
			runOnlyForDeploymentPostprocessing = 0;
		};
/* End PBXResourcesBuildPhase section */

/* Begin PBXSourcesBuildPhase section */
		44FB37F31B7F72AC00BAD031 /* Sources */ = {
			isa = PBXSourcesBuildPhase;
			buildActionMask = 2147483647;
			files = (
			);
			runOnlyForDeploymentPostprocessing = 0;
		};
		44FB37FE1B7F72AC00BAD031 /* Sources */ = {
			isa = PBXSourcesBuildPhase;
			buildActionMask = 2147483647;
			files = (
				44FB380C1B7F72AC00BAD031 /* BraintreeTests.m in Sources */,
			);
			runOnlyForDeploymentPostprocessing = 0;
		};
		EDDE26691B7F693F00C6DA2A /* Sources */ = {
			isa = PBXSourcesBuildPhase;
			buildActionMask = 2147483647;
			files = (
				EDDE26751B7F693F00C6DA2A /* ViewController.swift in Sources */,
				EDDE26731B7F693F00C6DA2A /* AppDelegate.swift in Sources */,
			);
			runOnlyForDeploymentPostprocessing = 0;
		};
		EDDE267E1B7F693F00C6DA2A /* Sources */ = {
			isa = PBXSourcesBuildPhase;
			buildActionMask = 2147483647;
			files = (
				EDDE26891B7F693F00C6DA2A /* BitCatcherTests.swift in Sources */,
			);
			runOnlyForDeploymentPostprocessing = 0;
		};
/* End PBXSourcesBuildPhase section */

/* Begin PBXTargetDependency section */
		44FB38051B7F72AC00BAD031 /* PBXTargetDependency */ = {
			isa = PBXTargetDependency;
			target = 44FB37F71B7F72AC00BAD031 /* Braintree */;
			targetProxy = 44FB38041B7F72AC00BAD031 /* PBXContainerItemProxy */;
		};
		44FB38071B7F72AC00BAD031 /* PBXTargetDependency */ = {
			isa = PBXTargetDependency;
			target = EDDE266C1B7F693F00C6DA2A /* BitCatcher */;
			targetProxy = 44FB38061B7F72AC00BAD031 /* PBXContainerItemProxy */;
		};
		44FB380E1B7F72AC00BAD031 /* PBXTargetDependency */ = {
			isa = PBXTargetDependency;
			target = 44FB37F71B7F72AC00BAD031 /* Braintree */;
			targetProxy = 44FB380D1B7F72AC00BAD031 /* PBXContainerItemProxy */;
		};
		EDDE26841B7F693F00C6DA2A /* PBXTargetDependency */ = {
			isa = PBXTargetDependency;
			target = EDDE266C1B7F693F00C6DA2A /* BitCatcher */;
			targetProxy = EDDE26831B7F693F00C6DA2A /* PBXContainerItemProxy */;
		};
/* End PBXTargetDependency section */

/* Begin PBXVariantGroup section */
		EDDE26761B7F693F00C6DA2A /* Main.storyboard */ = {
			isa = PBXVariantGroup;
			children = (
				EDDE26771B7F693F00C6DA2A /* Base */,
			);
			name = Main.storyboard;
			sourceTree = "<group>";
		};
		EDDE267B1B7F693F00C6DA2A /* LaunchScreen.xib */ = {
			isa = PBXVariantGroup;
			children = (
				EDDE267C1B7F693F00C6DA2A /* Base */,
			);
			name = LaunchScreen.xib;
			sourceTree = "<group>";
		};
/* End PBXVariantGroup section */

/* Begin XCBuildConfiguration section */
		44FB38111B7F72AC00BAD031 /* Debug */ = {
			isa = XCBuildConfiguration;
			buildSettings = {
				CURRENT_PROJECT_VERSION = 1;
				DEFINES_MODULE = YES;
				DYLIB_COMPATIBILITY_VERSION = 1;
				DYLIB_CURRENT_VERSION = 1;
				DYLIB_INSTALL_NAME_BASE = "@rpath";
				GCC_PREPROCESSOR_DEFINITIONS = (
					"DEBUG=1",
					"$(inherited)",
				);
				INFOPLIST_FILE = Braintree/Info.plist;
				INSTALL_PATH = "$(LOCAL_LIBRARY_DIR)/Frameworks";
				IPHONEOS_DEPLOYMENT_TARGET = 8.3;
				LD_RUNPATH_SEARCH_PATHS = "$(inherited) @executable_path/Frameworks @loader_path/Frameworks";
				PRODUCT_NAME = "$(TARGET_NAME)";
				SKIP_INSTALL = YES;
				TARGETED_DEVICE_FAMILY = "1,2";
				VERSIONING_SYSTEM = "apple-generic";
				VERSION_INFO_PREFIX = "";
			};
			name = Debug;
		};
		44FB38121B7F72AC00BAD031 /* Release */ = {
			isa = XCBuildConfiguration;
			buildSettings = {
				CURRENT_PROJECT_VERSION = 1;
				DEFINES_MODULE = YES;
				DYLIB_COMPATIBILITY_VERSION = 1;
				DYLIB_CURRENT_VERSION = 1;
				DYLIB_INSTALL_NAME_BASE = "@rpath";
				INFOPLIST_FILE = Braintree/Info.plist;
				INSTALL_PATH = "$(LOCAL_LIBRARY_DIR)/Frameworks";
				IPHONEOS_DEPLOYMENT_TARGET = 8.3;
				LD_RUNPATH_SEARCH_PATHS = "$(inherited) @executable_path/Frameworks @loader_path/Frameworks";
				PRODUCT_NAME = "$(TARGET_NAME)";
				SKIP_INSTALL = YES;
				TARGETED_DEVICE_FAMILY = "1,2";
				VERSIONING_SYSTEM = "apple-generic";
				VERSION_INFO_PREFIX = "";
			};
			name = Release;
		};
		44FB38131B7F72AC00BAD031 /* Debug */ = {
			isa = XCBuildConfiguration;
			buildSettings = {
				FRAMEWORK_SEARCH_PATHS = (
					"$(SDKROOT)/Developer/Library/Frameworks",
					"$(inherited)",
				);
				GCC_PREPROCESSOR_DEFINITIONS = (
					"DEBUG=1",
					"$(inherited)",
				);
				INFOPLIST_FILE = BraintreeTests/Info.plist;
				IPHONEOS_DEPLOYMENT_TARGET = 8.3;
				LD_RUNPATH_SEARCH_PATHS = "$(inherited) @executable_path/Frameworks @loader_path/Frameworks";
				PRODUCT_NAME = "$(TARGET_NAME)";
				TEST_HOST = "$(BUILT_PRODUCTS_DIR)/BitCatcher.app/BitCatcher";
			};
			name = Debug;
		};
		44FB38141B7F72AC00BAD031 /* Release */ = {
			isa = XCBuildConfiguration;
			buildSettings = {
				FRAMEWORK_SEARCH_PATHS = (
					"$(SDKROOT)/Developer/Library/Frameworks",
					"$(inherited)",
				);
				INFOPLIST_FILE = BraintreeTests/Info.plist;
				IPHONEOS_DEPLOYMENT_TARGET = 8.3;
				LD_RUNPATH_SEARCH_PATHS = "$(inherited) @executable_path/Frameworks @loader_path/Frameworks";
				PRODUCT_NAME = "$(TARGET_NAME)";
				TEST_HOST = "$(BUILT_PRODUCTS_DIR)/BitCatcher.app/BitCatcher";
			};
			name = Release;
		};
		EDDE268A1B7F693F00C6DA2A /* Debug */ = {
			isa = XCBuildConfiguration;
			buildSettings = {
				ALWAYS_SEARCH_USER_PATHS = NO;
				CLANG_CXX_LANGUAGE_STANDARD = "gnu++0x";
				CLANG_CXX_LIBRARY = "libc++";
				CLANG_ENABLE_MODULES = YES;
				CLANG_ENABLE_OBJC_ARC = YES;
				CLANG_WARN_BOOL_CONVERSION = YES;
				CLANG_WARN_CONSTANT_CONVERSION = YES;
				CLANG_WARN_DIRECT_OBJC_ISA_USAGE = YES_ERROR;
				CLANG_WARN_EMPTY_BODY = YES;
				CLANG_WARN_ENUM_CONVERSION = YES;
				CLANG_WARN_INT_CONVERSION = YES;
				CLANG_WARN_OBJC_ROOT_CLASS = YES_ERROR;
				CLANG_WARN_UNREACHABLE_CODE = YES;
				CLANG_WARN__DUPLICATE_METHOD_MATCH = YES;
				"CODE_SIGN_IDENTITY[sdk=iphoneos*]" = "iPhone Developer";
				COPY_PHASE_STRIP = NO;
				DEBUG_INFORMATION_FORMAT = "dwarf-with-dsym";
				ENABLE_STRICT_OBJC_MSGSEND = YES;
				GCC_C_LANGUAGE_STANDARD = gnu99;
				GCC_DYNAMIC_NO_PIC = NO;
				GCC_NO_COMMON_BLOCKS = YES;
				GCC_OPTIMIZATION_LEVEL = 0;
				GCC_PREPROCESSOR_DEFINITIONS = (
					"DEBUG=1",
					"$(inherited)",
				);
				GCC_SYMBOLS_PRIVATE_EXTERN = NO;
				GCC_WARN_64_TO_32_BIT_CONVERSION = YES;
				GCC_WARN_ABOUT_RETURN_TYPE = YES_ERROR;
				GCC_WARN_UNDECLARED_SELECTOR = YES;
				GCC_WARN_UNINITIALIZED_AUTOS = YES_AGGRESSIVE;
				GCC_WARN_UNUSED_FUNCTION = YES;
				GCC_WARN_UNUSED_VARIABLE = YES;
				IPHONEOS_DEPLOYMENT_TARGET = 8.4;
				MTL_ENABLE_DEBUG_INFO = YES;
				ONLY_ACTIVE_ARCH = YES;
				SDKROOT = iphoneos;
				SWIFT_OPTIMIZATION_LEVEL = "-Onone";
			};
			name = Debug;
		};
		EDDE268B1B7F693F00C6DA2A /* Release */ = {
			isa = XCBuildConfiguration;
			buildSettings = {
				ALWAYS_SEARCH_USER_PATHS = NO;
				CLANG_CXX_LANGUAGE_STANDARD = "gnu++0x";
				CLANG_CXX_LIBRARY = "libc++";
				CLANG_ENABLE_MODULES = YES;
				CLANG_ENABLE_OBJC_ARC = YES;
				CLANG_WARN_BOOL_CONVERSION = YES;
				CLANG_WARN_CONSTANT_CONVERSION = YES;
				CLANG_WARN_DIRECT_OBJC_ISA_USAGE = YES_ERROR;
				CLANG_WARN_EMPTY_BODY = YES;
				CLANG_WARN_ENUM_CONVERSION = YES;
				CLANG_WARN_INT_CONVERSION = YES;
				CLANG_WARN_OBJC_ROOT_CLASS = YES_ERROR;
				CLANG_WARN_UNREACHABLE_CODE = YES;
				CLANG_WARN__DUPLICATE_METHOD_MATCH = YES;
				"CODE_SIGN_IDENTITY[sdk=iphoneos*]" = "iPhone Developer";
				COPY_PHASE_STRIP = NO;
				DEBUG_INFORMATION_FORMAT = "dwarf-with-dsym";
				ENABLE_NS_ASSERTIONS = NO;
				ENABLE_STRICT_OBJC_MSGSEND = YES;
				GCC_C_LANGUAGE_STANDARD = gnu99;
				GCC_NO_COMMON_BLOCKS = YES;
				GCC_WARN_64_TO_32_BIT_CONVERSION = YES;
				GCC_WARN_ABOUT_RETURN_TYPE = YES_ERROR;
				GCC_WARN_UNDECLARED_SELECTOR = YES;
				GCC_WARN_UNINITIALIZED_AUTOS = YES_AGGRESSIVE;
				GCC_WARN_UNUSED_FUNCTION = YES;
				GCC_WARN_UNUSED_VARIABLE = YES;
				IPHONEOS_DEPLOYMENT_TARGET = 8.4;
				MTL_ENABLE_DEBUG_INFO = NO;
				SDKROOT = iphoneos;
				VALIDATE_PRODUCT = YES;
			};
			name = Release;
		};
		EDDE268D1B7F693F00C6DA2A /* Debug */ = {
			isa = XCBuildConfiguration;
			buildSettings = {
				ASSETCATALOG_COMPILER_APPICON_NAME = AppIcon;
				INFOPLIST_FILE = BitCatcher/Info.plist;
				LD_RUNPATH_SEARCH_PATHS = "$(inherited) @executable_path/Frameworks";
				PRODUCT_NAME = "$(TARGET_NAME)";
			};
			name = Debug;
		};
		EDDE268E1B7F693F00C6DA2A /* Release */ = {
			isa = XCBuildConfiguration;
			buildSettings = {
				ASSETCATALOG_COMPILER_APPICON_NAME = AppIcon;
				INFOPLIST_FILE = BitCatcher/Info.plist;
				LD_RUNPATH_SEARCH_PATHS = "$(inherited) @executable_path/Frameworks";
				PRODUCT_NAME = "$(TARGET_NAME)";
			};
			name = Release;
		};
		EDDE26901B7F693F00C6DA2A /* Debug */ = {
			isa = XCBuildConfiguration;
			buildSettings = {
				BUNDLE_LOADER = "$(TEST_HOST)";
				FRAMEWORK_SEARCH_PATHS = (
					"$(SDKROOT)/Developer/Library/Frameworks",
					"$(inherited)",
				);
				GCC_PREPROCESSOR_DEFINITIONS = (
					"DEBUG=1",
					"$(inherited)",
				);
				INFOPLIST_FILE = BitCatcherTests/Info.plist;
				LD_RUNPATH_SEARCH_PATHS = "$(inherited) @executable_path/Frameworks @loader_path/Frameworks";
				PRODUCT_NAME = "$(TARGET_NAME)";
				TEST_HOST = "$(BUILT_PRODUCTS_DIR)/BitCatcher.app/BitCatcher";
			};
			name = Debug;
		};
		EDDE26911B7F693F00C6DA2A /* Release */ = {
			isa = XCBuildConfiguration;
			buildSettings = {
				BUNDLE_LOADER = "$(TEST_HOST)";
				FRAMEWORK_SEARCH_PATHS = (
					"$(SDKROOT)/Developer/Library/Frameworks",
					"$(inherited)",
				);
				INFOPLIST_FILE = BitCatcherTests/Info.plist;
				LD_RUNPATH_SEARCH_PATHS = "$(inherited) @executable_path/Frameworks @loader_path/Frameworks";
				PRODUCT_NAME = "$(TARGET_NAME)";
				TEST_HOST = "$(BUILT_PRODUCTS_DIR)/BitCatcher.app/BitCatcher";
			};
			name = Release;
		};
/* End XCBuildConfiguration section */

/* Begin XCConfigurationList section */
		44FB38151B7F72AC00BAD031 /* Build configuration list for PBXNativeTarget "Braintree" */ = {
			isa = XCConfigurationList;
			buildConfigurations = (
				44FB38111B7F72AC00BAD031 /* Debug */,
				44FB38121B7F72AC00BAD031 /* Release */,
			);
			defaultConfigurationIsVisible = 0;
		};
		44FB38171B7F72AC00BAD031 /* Build configuration list for PBXNativeTarget "BraintreeTests" */ = {
			isa = XCConfigurationList;
			buildConfigurations = (
				44FB38131B7F72AC00BAD031 /* Debug */,
				44FB38141B7F72AC00BAD031 /* Release */,
			);
			defaultConfigurationIsVisible = 0;
		};
		EDDE26681B7F693F00C6DA2A /* Build configuration list for PBXProject "BitCatcher" */ = {
			isa = XCConfigurationList;
			buildConfigurations = (
				EDDE268A1B7F693F00C6DA2A /* Debug */,
				EDDE268B1B7F693F00C6DA2A /* Release */,
			);
			defaultConfigurationIsVisible = 0;
			defaultConfigurationName = Release;
		};
		EDDE268C1B7F693F00C6DA2A /* Build configuration list for PBXNativeTarget "BitCatcher" */ = {
			isa = XCConfigurationList;
			buildConfigurations = (
				EDDE268D1B7F693F00C6DA2A /* Debug */,
				EDDE268E1B7F693F00C6DA2A /* Release */,
			);
			defaultConfigurationIsVisible = 0;
			defaultConfigurationName = Release;
		};
		EDDE268F1B7F693F00C6DA2A /* Build configuration list for PBXNativeTarget "BitCatcherTests" */ = {
			isa = XCConfigurationList;
			buildConfigurations = (
				EDDE26901B7F693F00C6DA2A /* Debug */,
				EDDE26911B7F693F00C6DA2A /* Release */,
			);
			defaultConfigurationIsVisible = 0;
			defaultConfigurationName = Release;
		};
/* End XCConfigurationList section */
	};
	rootObject = EDDE26651B7F693F00C6DA2A /* Project object */;
}
